// !$*UTF8*$!
{
	archiveVersion = 1;
	classes = {
	};
	objectVersion = 56;
	objects = {

/* Begin PBXBuildFile section */
		01AF98F928E28BF2002DAC53 /* WhisperApp.swift in Sources */ = {isa = PBXBuildFile; fileRef = 01AF98F828E28BF2002DAC53 /* WhisperApp.swift */; };
		01AF98FB28E28BF2002DAC53 /* ContentView.swift in Sources */ = {isa = PBXBuildFile; fileRef = 01AF98FA28E28BF2002DAC53 /* ContentView.swift */; };
		01AF98FD28E28BF3002DAC53 /* Assets.xcassets in Resources */ = {isa = PBXBuildFile; fileRef = 01AF98FC28E28BF3002DAC53 /* Assets.xcassets */; };
		01AF990028E28BF3002DAC53 /* Preview Assets.xcassets in Resources */ = {isa = PBXBuildFile; fileRef = 01AF98FF28E28BF3002DAC53 /* Preview Assets.xcassets */; };
		01AF991F28E2A97E002DAC53 /* Whisper.swift in Sources */ = {isa = PBXBuildFile; fileRef = 01AF991E28E2A97E002DAC53 /* Whisper.swift */; };
		01AF992528E2D90F002DAC53 /* AudioRecorder.swift in Sources */ = {isa = PBXBuildFile; fileRef = 01AF992428E2D90F002DAC53 /* AudioRecorder.swift */; };
		1B6A59D929634F2A004C510D /* MelSpectrogram.swift in Sources */ = {isa = PBXBuildFile; fileRef = 1B6A59D829634F2A004C510D /* MelSpectrogram.swift */; };
		1B6A59DC29635145004C510D /* decoder.mlpackage in Sources */ = {isa = PBXBuildFile; fileRef = 1B6A59DA29635145004C510D /* decoder.mlpackage */; };
		1B6A59DD29635145004C510D /* encoder.mlpackage in Sources */ = {isa = PBXBuildFile; fileRef = 1B6A59DB29635145004C510D /* encoder.mlpackage */; };
		1B6A59DF2963A1A6004C510D /* mel_filters.data in Resources */ = {isa = PBXBuildFile; fileRef = 1B6A59DE2963A1A6004C510D /* mel_filters.data */; };
		1B6A59E12963A670004C510D /* AudioLoader.swift in Sources */ = {isa = PBXBuildFile; fileRef = 1B6A59E02963A670004C510D /* AudioLoader.swift */; };
/* End PBXBuildFile section */

/* Begin PBXFileReference section */
		01AF98F528E28BF2002DAC53 /* Whisper.app */ = {isa = PBXFileReference; explicitFileType = wrapper.application; includeInIndex = 0; path = Whisper.app; sourceTree = BUILT_PRODUCTS_DIR; };
		01AF98F828E28BF2002DAC53 /* WhisperApp.swift */ = {isa = PBXFileReference; lastKnownFileType = sourcecode.swift; path = WhisperApp.swift; sourceTree = "<group>"; };
		01AF98FA28E28BF2002DAC53 /* ContentView.swift */ = {isa = PBXFileReference; lastKnownFileType = sourcecode.swift; path = ContentView.swift; sourceTree = "<group>"; };
		01AF98FC28E28BF3002DAC53 /* Assets.xcassets */ = {isa = PBXFileReference; lastKnownFileType = folder.assetcatalog; path = Assets.xcassets; sourceTree = "<group>"; };
		01AF98FF28E28BF3002DAC53 /* Preview Assets.xcassets */ = {isa = PBXFileReference; lastKnownFileType = folder.assetcatalog; path = "Preview Assets.xcassets"; sourceTree = "<group>"; };
		01AF990928E28C2E002DAC53 /* libresolv.tbd */ = {isa = PBXFileReference; lastKnownFileType = "sourcecode.text-based-dylib-definition"; name = libresolv.tbd; path = usr/lib/libresolv.tbd; sourceTree = SDKROOT; };
		01AF991E28E2A97E002DAC53 /* Whisper.swift */ = {isa = PBXFileReference; lastKnownFileType = sourcecode.swift; path = Whisper.swift; sourceTree = "<group>"; };
		01AF992428E2D90F002DAC53 /* AudioRecorder.swift */ = {isa = PBXFileReference; lastKnownFileType = sourcecode.swift; path = AudioRecorder.swift; sourceTree = "<group>"; };
		01AF992628E2D9B9002DAC53 /* Info.plist */ = {isa = PBXFileReference; lastKnownFileType = text.plist; path = Info.plist; sourceTree = "<group>"; };
		1B6A59D829634F2A004C510D /* MelSpectrogram.swift */ = {isa = PBXFileReference; lastKnownFileType = sourcecode.swift; path = MelSpectrogram.swift; sourceTree = "<group>"; };
		1B6A59DA29635145004C510D /* decoder.mlpackage */ = {isa = PBXFileReference; lastKnownFileType = folder.mlpackage; path = decoder.mlpackage; sourceTree = "<group>"; };
		1B6A59DB29635145004C510D /* encoder.mlpackage */ = {isa = PBXFileReference; lastKnownFileType = folder.mlpackage; path = encoder.mlpackage; sourceTree = "<group>"; };
		1B6A59DE2963A1A6004C510D /* mel_filters.data */ = {isa = PBXFileReference; lastKnownFileType = file; path = mel_filters.data; sourceTree = "<group>"; };
		1B6A59E02963A670004C510D /* AudioLoader.swift */ = {isa = PBXFileReference; lastKnownFileType = sourcecode.swift; path = AudioLoader.swift; sourceTree = "<group>"; };
/* End PBXFileReference section */

/* Begin PBXFrameworksBuildPhase section */
		01AF98F228E28BF2002DAC53 /* Frameworks */ = {
			isa = PBXFrameworksBuildPhase;
			buildActionMask = 2147483647;
			files = (
			);
			runOnlyForDeploymentPostprocessing = 0;
		};
/* End PBXFrameworksBuildPhase section */

/* Begin PBXGroup section */
		01AF98EC28E28BF2002DAC53 = {
			isa = PBXGroup;
			children = (
				01AF98F728E28BF2002DAC53 /* Whisper */,
				01AF98F628E28BF2002DAC53 /* Products */,
				01AF990828E28C2E002DAC53 /* Frameworks */,
			);
			sourceTree = "<group>";
		};
		01AF98F628E28BF2002DAC53 /* Products */ = {
			isa = PBXGroup;
			children = (
				01AF98F528E28BF2002DAC53 /* Whisper.app */,
			);
			name = Products;
			sourceTree = "<group>";
		};
		01AF98F728E28BF2002DAC53 /* Whisper */ = {
			isa = PBXGroup;
			children = (
				01AF992628E2D9B9002DAC53 /* Info.plist */,
				01AF98F828E28BF2002DAC53 /* WhisperApp.swift */,
				1B6A59DE2963A1A6004C510D /* mel_filters.data */,
				01AF991E28E2A97E002DAC53 /* Whisper.swift */,
				1B6A59D829634F2A004C510D /* MelSpectrogram.swift */,
				01AF992428E2D90F002DAC53 /* AudioRecorder.swift */,
				1B6A59E02963A670004C510D /* AudioLoader.swift */,
				01AF98FA28E28BF2002DAC53 /* ContentView.swift */,
				1B6A59DA29635145004C510D /* decoder.mlpackage */,
				1B6A59DB29635145004C510D /* encoder.mlpackage */,
				01AF98FC28E28BF3002DAC53 /* Assets.xcassets */,
				01AF98FE28E28BF3002DAC53 /* Preview Content */,
			);
			path = Whisper;
			sourceTree = "<group>";
		};
		01AF98FE28E28BF3002DAC53 /* Preview Content */ = {
			isa = PBXGroup;
			children = (
				01AF98FF28E28BF3002DAC53 /* Preview Assets.xcassets */,
			);
			path = "Preview Content";
			sourceTree = "<group>";
		};
		01AF990828E28C2E002DAC53 /* Frameworks */ = {
			isa = PBXGroup;
			children = (
				01AF990928E28C2E002DAC53 /* libresolv.tbd */,
			);
			name = Frameworks;
			sourceTree = "<group>";
		};
/* End PBXGroup section */

/* Begin PBXNativeTarget section */
		01AF98F428E28BF2002DAC53 /* Whisper */ = {
			isa = PBXNativeTarget;
			buildConfigurationList = 01AF990328E28BF3002DAC53 /* Build configuration list for PBXNativeTarget "Whisper" */;
			buildPhases = (
				01AF98F128E28BF2002DAC53 /* Sources */,
				01AF98F228E28BF2002DAC53 /* Frameworks */,
				01AF98F328E28BF2002DAC53 /* Resources */,
			);
			buildRules = (
			);
			dependencies = (
			);
			name = Whisper;
			productName = Whisper;
			productReference = 01AF98F528E28BF2002DAC53 /* Whisper.app */;
			productType = "com.apple.product-type.application";
		};
/* End PBXNativeTarget section */

/* Begin PBXProject section */
		01AF98ED28E28BF2002DAC53 /* Project object */ = {
			isa = PBXProject;
			attributes = {
				BuildIndependentTargetsInParallel = 1;
				LastSwiftUpdateCheck = 1400;
				LastUpgradeCheck = 1400;
				TargetAttributes = {
					01AF98F428E28BF2002DAC53 = {
						CreatedOnToolsVersion = 14.0;
					};
				};
			};
			buildConfigurationList = 01AF98F028E28BF2002DAC53 /* Build configuration list for PBXProject "Whisper" */;
			compatibilityVersion = "Xcode 14.0";
			developmentRegion = en;
			hasScannedForEncodings = 0;
			knownRegions = (
				en,
				Base,
			);
			mainGroup = 01AF98EC28E28BF2002DAC53;
			productRefGroup = 01AF98F628E28BF2002DAC53 /* Products */;
			projectDirPath = "";
			projectRoot = "";
			targets = (
				01AF98F428E28BF2002DAC53 /* Whisper */,
			);
		};
/* End PBXProject section */

/* Begin PBXResourcesBuildPhase section */
		01AF98F328E28BF2002DAC53 /* Resources */ = {
			isa = PBXResourcesBuildPhase;
			buildActionMask = 2147483647;
			files = (
				1B6A59DF2963A1A6004C510D /* mel_filters.data in Resources */,
				01AF990028E28BF3002DAC53 /* Preview Assets.xcassets in Resources */,
				01AF98FD28E28BF3002DAC53 /* Assets.xcassets in Resources */,
			);
			runOnlyForDeploymentPostprocessing = 0;
		};
/* End PBXResourcesBuildPhase section */

/* Begin PBXSourcesBuildPhase section */
		01AF98F128E28BF2002DAC53 /* Sources */ = {
			isa = PBXSourcesBuildPhase;
			buildActionMask = 2147483647;
			files = (
				01AF992528E2D90F002DAC53 /* AudioRecorder.swift in Sources */,
				01AF98FB28E28BF2002DAC53 /* ContentView.swift in Sources */,
				1B6A59DC29635145004C510D /* decoder.mlpackage in Sources */,
				1B6A59D929634F2A004C510D /* MelSpectrogram.swift in Sources */,
				01AF98F928E28BF2002DAC53 /* WhisperApp.swift in Sources */,
				1B6A59E12963A670004C510D /* AudioLoader.swift in Sources */,
				1B6A59DD29635145004C510D /* encoder.mlpackage in Sources */,
				01AF991F28E2A97E002DAC53 /* Whisper.swift in Sources */,
			);
			runOnlyForDeploymentPostprocessing = 0;
		};
/* End PBXSourcesBuildPhase section */

/* Begin XCBuildConfiguration section */
		01AF990128E28BF3002DAC53 /* Debug */ = {
			isa = XCBuildConfiguration;
			buildSettings = {
				ALWAYS_SEARCH_USER_PATHS = NO;
				CLANG_ANALYZER_NONNULL = YES;
				CLANG_ANALYZER_NUMBER_OBJECT_CONVERSION = YES_AGGRESSIVE;
				CLANG_CXX_LANGUAGE_STANDARD = "gnu++17";
				CLANG_ENABLE_MODULES = YES;
				CLANG_ENABLE_OBJC_ARC = YES;
				CLANG_ENABLE_OBJC_WEAK = YES;
				CLANG_WARN_BLOCK_CAPTURE_AUTORELEASING = YES;
				CLANG_WARN_BOOL_CONVERSION = YES;
				CLANG_WARN_COMMA = YES;
				CLANG_WARN_CONSTANT_CONVERSION = YES;
				CLANG_WARN_DEPRECATED_OBJC_IMPLEMENTATIONS = YES;
				CLANG_WARN_DIRECT_OBJC_ISA_USAGE = YES_ERROR;
				CLANG_WARN_DOCUMENTATION_COMMENTS = YES;
				CLANG_WARN_EMPTY_BODY = YES;
				CLANG_WARN_ENUM_CONVERSION = YES;
				CLANG_WARN_INFINITE_RECURSION = YES;
				CLANG_WARN_INT_CONVERSION = YES;
				CLANG_WARN_NON_LITERAL_NULL_CONVERSION = YES;
				CLANG_WARN_OBJC_IMPLICIT_RETAIN_SELF = YES;
				CLANG_WARN_OBJC_LITERAL_CONVERSION = YES;
				CLANG_WARN_OBJC_ROOT_CLASS = YES_ERROR;
				CLANG_WARN_QUOTED_INCLUDE_IN_FRAMEWORK_HEADER = YES;
				CLANG_WARN_RANGE_LOOP_ANALYSIS = YES;
				CLANG_WARN_STRICT_PROTOTYPES = YES;
				CLANG_WARN_SUSPICIOUS_MOVE = YES;
				CLANG_WARN_UNGUARDED_AVAILABILITY = YES_AGGRESSIVE;
				CLANG_WARN_UNREACHABLE_CODE = YES;
				CLANG_WARN__DUPLICATE_METHOD_MATCH = YES;
				COPY_PHASE_STRIP = NO;
				DEBUG_INFORMATION_FORMAT = dwarf;
				ENABLE_STRICT_OBJC_MSGSEND = YES;
				ENABLE_TESTABILITY = YES;
				GCC_C_LANGUAGE_STANDARD = gnu11;
				GCC_DYNAMIC_NO_PIC = NO;
				GCC_NO_COMMON_BLOCKS = YES;
				GCC_OPTIMIZATION_LEVEL = 0;
				GCC_PREPROCESSOR_DEFINITIONS = (
					"DEBUG=1",
					"$(inherited)",
				);
				GCC_WARN_64_TO_32_BIT_CONVERSION = YES;
				GCC_WARN_ABOUT_RETURN_TYPE = YES_ERROR;
				GCC_WARN_UNDECLARED_SELECTOR = YES;
				GCC_WARN_UNINITIALIZED_AUTOS = YES_AGGRESSIVE;
				GCC_WARN_UNUSED_FUNCTION = YES;
				GCC_WARN_UNUSED_VARIABLE = YES;
				IPHONEOS_DEPLOYMENT_TARGET = 16.0;
				MTL_ENABLE_DEBUG_INFO = INCLUDE_SOURCE;
				MTL_FAST_MATH = YES;
				ONLY_ACTIVE_ARCH = YES;
				SDKROOT = iphoneos;
				SWIFT_ACTIVE_COMPILATION_CONDITIONS = DEBUG;
				SWIFT_OPTIMIZATION_LEVEL = "-Onone";
			};
			name = Debug;
		};
		01AF990228E28BF3002DAC53 /* Release */ = {
			isa = XCBuildConfiguration;
			buildSettings = {
				ALWAYS_SEARCH_USER_PATHS = NO;
				CLANG_ANALYZER_NONNULL = YES;
				CLANG_ANALYZER_NUMBER_OBJECT_CONVERSION = YES_AGGRESSIVE;
				CLANG_CXX_LANGUAGE_STANDARD = "gnu++17";
				CLANG_ENABLE_MODULES = YES;
				CLANG_ENABLE_OBJC_ARC = YES;
				CLANG_ENABLE_OBJC_WEAK = YES;
				CLANG_WARN_BLOCK_CAPTURE_AUTORELEASING = YES;
				CLANG_WARN_BOOL_CONVERSION = YES;
				CLANG_WARN_COMMA = YES;
				CLANG_WARN_CONSTANT_CONVERSION = YES;
				CLANG_WARN_DEPRECATED_OBJC_IMPLEMENTATIONS = YES;
				CLANG_WARN_DIRECT_OBJC_ISA_USAGE = YES_ERROR;
				CLANG_WARN_DOCUMENTATION_COMMENTS = YES;
				CLANG_WARN_EMPTY_BODY = YES;
				CLANG_WARN_ENUM_CONVERSION = YES;
				CLANG_WARN_INFINITE_RECURSION = YES;
				CLANG_WARN_INT_CONVERSION = YES;
				CLANG_WARN_NON_LITERAL_NULL_CONVERSION = YES;
				CLANG_WARN_OBJC_IMPLICIT_RETAIN_SELF = YES;
				CLANG_WARN_OBJC_LITERAL_CONVERSION = YES;
				CLANG_WARN_OBJC_ROOT_CLASS = YES_ERROR;
				CLANG_WARN_QUOTED_INCLUDE_IN_FRAMEWORK_HEADER = YES;
				CLANG_WARN_RANGE_LOOP_ANALYSIS = YES;
				CLANG_WARN_STRICT_PROTOTYPES = YES;
				CLANG_WARN_SUSPICIOUS_MOVE = YES;
				CLANG_WARN_UNGUARDED_AVAILABILITY = YES_AGGRESSIVE;
				CLANG_WARN_UNREACHABLE_CODE = YES;
				CLANG_WARN__DUPLICATE_METHOD_MATCH = YES;
				COPY_PHASE_STRIP = NO;
				DEBUG_INFORMATION_FORMAT = "dwarf-with-dsym";
				ENABLE_NS_ASSERTIONS = NO;
				ENABLE_STRICT_OBJC_MSGSEND = YES;
				GCC_C_LANGUAGE_STANDARD = gnu11;
				GCC_NO_COMMON_BLOCKS = YES;
				GCC_WARN_64_TO_32_BIT_CONVERSION = YES;
				GCC_WARN_ABOUT_RETURN_TYPE = YES_ERROR;
				GCC_WARN_UNDECLARED_SELECTOR = YES;
				GCC_WARN_UNINITIALIZED_AUTOS = YES_AGGRESSIVE;
				GCC_WARN_UNUSED_FUNCTION = YES;
				GCC_WARN_UNUSED_VARIABLE = YES;
				IPHONEOS_DEPLOYMENT_TARGET = 16.0;
				MTL_ENABLE_DEBUG_INFO = NO;
				MTL_FAST_MATH = YES;
				SDKROOT = iphoneos;
				SWIFT_COMPILATION_MODE = wholemodule;
				SWIFT_OPTIMIZATION_LEVEL = "-O";
				VALIDATE_PRODUCT = YES;
			};
			name = Release;
		};
		01AF990428E28BF3002DAC53 /* Debug */ = {
			isa = XCBuildConfiguration;
			buildSettings = {
				ASSETCATALOG_COMPILER_APPICON_NAME = AppIcon;
				ASSETCATALOG_COMPILER_GLOBAL_ACCENT_COLOR_NAME = AccentColor;
				CODE_SIGN_STYLE = Automatic;
				CURRENT_PROJECT_VERSION = 1;
				DEVELOPMENT_ASSET_PATHS = "\"Whisper/Preview Content\"";
				DEVELOPMENT_TEAM = SHG3AW6YV7;
				ENABLE_PREVIEWS = YES;
				GENERATE_INFOPLIST_FILE = YES;
				HEADER_SEARCH_PATHS = "$(PROJECT_DIR)/Whisper";
				INFOPLIST_FILE = Whisper/Info.plist;
				INFOPLIST_KEY_NSMicrophoneUsageDescription = "Language detection";
				INFOPLIST_KEY_UIApplicationSceneManifest_Generation = YES;
				INFOPLIST_KEY_UIApplicationSupportsIndirectInputEvents = YES;
				INFOPLIST_KEY_UILaunchScreen_Generation = YES;
				INFOPLIST_KEY_UISupportedInterfaceOrientations = UIInterfaceOrientationPortrait;
				INFOPLIST_KEY_UISupportedInterfaceOrientations_iPad = "UIInterfaceOrientationLandscapeLeft UIInterfaceOrientationLandscapeRight UIInterfaceOrientationPortraitUpsideDown";
				IPHONEOS_DEPLOYMENT_TARGET = 15.5;
				LD_RUNPATH_SEARCH_PATHS = (
					"$(inherited)",
					"@executable_path/Frameworks",
				);
				LIBRARY_SEARCH_PATHS = (
					"$(inherited)",
					"$(PROJECT_DIR)/Whisper",
				);
				MACOSX_DEPLOYMENT_TARGET = 12.4;
				MARKETING_VERSION = 1.0;
				PRODUCT_BUNDLE_IDENTIFIER = tbss.Whisper;
				PRODUCT_NAME = "$(TARGET_NAME)";
				SUPPORTED_PLATFORMS = "iphoneos iphonesimulator macosx";
				SUPPORTS_MACCATALYST = NO;
				SUPPORTS_MAC_DESIGNED_FOR_IPHONE_IPAD = NO;
				SWIFT_EMIT_LOC_STRINGS = YES;
				SWIFT_OPTIMIZATION_LEVEL = "-Onone";
				SWIFT_VERSION = 5.0;
				TARGETED_DEVICE_FAMILY = "1,2";
			};
			name = Debug;
		};
		01AF990528E28BF3002DAC53 /* Release */ = {
			isa = XCBuildConfiguration;
			buildSettings = {
				ASSETCATALOG_COMPILER_APPICON_NAME = AppIcon;
				ASSETCATALOG_COMPILER_GLOBAL_ACCENT_COLOR_NAME = AccentColor;
				CODE_SIGN_STYLE = Automatic;
				CURRENT_PROJECT_VERSION = 1;
				DEVELOPMENT_ASSET_PATHS = "\"Whisper/Preview Content\"";
				DEVELOPMENT_TEAM = SHG3AW6YV7;
				ENABLE_PREVIEWS = YES;
				GCC_OPTIMIZATION_LEVEL = fast;
				GENERATE_INFOPLIST_FILE = YES;
				HEADER_SEARCH_PATHS = "$(PROJECT_DIR)/Whisper";
				INFOPLIST_FILE = Whisper/Info.plist;
				INFOPLIST_KEY_NSMicrophoneUsageDescription = "Language detection";
				INFOPLIST_KEY_UIApplicationSceneManifest_Generation = YES;
				INFOPLIST_KEY_UIApplicationSupportsIndirectInputEvents = YES;
				INFOPLIST_KEY_UILaunchScreen_Generation = YES;
				INFOPLIST_KEY_UISupportedInterfaceOrientations = UIInterfaceOrientationPortrait;
				INFOPLIST_KEY_UISupportedInterfaceOrientations_iPad = "UIInterfaceOrientationLandscapeLeft UIInterfaceOrientationLandscapeRight UIInterfaceOrientationPortraitUpsideDown";
				IPHONEOS_DEPLOYMENT_TARGET = 15.5;
				LD_RUNPATH_SEARCH_PATHS = (
					"$(inherited)",
					"@executable_path/Frameworks",
				);
				LIBRARY_SEARCH_PATHS = (
					"$(inherited)",
					"$(PROJECT_DIR)/Whisper",
				);
				MACOSX_DEPLOYMENT_TARGET = 12.4;
				MARKETING_VERSION = 1.0;
				PRODUCT_BUNDLE_IDENTIFIER = tbss.Whisper;
				PRODUCT_NAME = "$(TARGET_NAME)";
				SUPPORTED_PLATFORMS = "iphoneos iphonesimulator macosx";
				SUPPORTS_MACCATALYST = NO;
				SUPPORTS_MAC_DESIGNED_FOR_IPHONE_IPAD = NO;
				SWIFT_EMIT_LOC_STRINGS = YES;
				SWIFT_OPTIMIZATION_LEVEL = "-O";
				SWIFT_VERSION = 5.0;
				TARGETED_DEVICE_FAMILY = "1,2";
			};
			name = Release;
		};
/* End XCBuildConfiguration section */

/* Begin XCConfigurationList section */
		01AF98F028E28BF2002DAC53 /* Build configuration list for PBXProject "Whisper" */ = {
			isa = XCConfigurationList;
			buildConfigurations = (
				01AF990128E28BF3002DAC53 /* Debug */,
				01AF990228E28BF3002DAC53 /* Release */,
			);
			defaultConfigurationIsVisible = 0;
			defaultConfigurationName = Release;
		};
		01AF990328E28BF3002DAC53 /* Build configuration list for PBXNativeTarget "Whisper" */ = {
			isa = XCConfigurationList;
			buildConfigurations = (
				01AF990428E28BF3002DAC53 /* Debug */,
				01AF990528E28BF3002DAC53 /* Release */,
			);
			defaultConfigurationIsVisible = 0;
			defaultConfigurationName = Release;
		};
/* End XCConfigurationList section */
	};
	rootObject = 01AF98ED28E28BF2002DAC53 /* Project object */;
}
